
Microsoft Visual Studio Solution File, Format Version 12.00
# Visual Studio 15
VisualStudioVersion = 15.0.27004.2009
MinimumVisualStudioVersion = 10.0.40219.1
Project("{FAE04EC0-301F-11D3-BF4B-00C04F79EFBC}") = "ReturnerBot", "ReturnerBot\ReturnerBot.csproj", "{25FDCC75-0BC0-4408-8FA7-9345E5677FC1}"
EndProject
Global
	GlobalSection(SolutionConfigurationPlatforms) = preSolution
		Debug|Any CPU = Debug|Any CPU
		Release|Any CPU = Release|Any CPU
	EndGlobalSection
	GlobalSection(ProjectConfigurationPlatforms) = postSolution
		{25FDCC75-0BC0-4408-8FA7-9345E5677FC1}.Debug|Any CPU.ActiveCfg = Debug|Any CPU
		{25FDCC75-0BC0-4408-8FA7-9345E5677FC1}.Debug|Any CPU.Build.0 = Debug|Any CPU
		{25FDCC75-0BC0-4408-8FA7-9345E5677FC1}.Release|Any CPU.ActiveCfg = Release|Any CPU
		{25FDCC75-0BC0-4408-8FA7-9345E5677FC1}.Release|Any CPU.Build.0 = Release|Any CPU
	EndGlobalSection
	GlobalSection(SolutionProperties) = preSolution
		HideSolutionNode = FALSE
	EndGlobalSection
	GlobalSection(ExtensibilityGlobals) = postSolution
		SolutionGuid = {30DC0DC4-E55D-4BE5-9256-92C3C9725C35}
	EndGlobalSection
EndGlobal
